
Microsoft Visual Studio Solution File, Format Version 12.00
# Visual Studio Version 17
VisualStudioVersion = 17.14.36804.6 d17.14
MinimumVisualStudioVersion = 10.0.40219.1
Project("{FAE04EC0-301F-11D3-BF4B-00C04F79EFBC}") = "UPA", "UPA\UPA.csproj", "{DDA0A6CD-F4B2-468E-8D52-E7D1D444BBC5}"
EndProject
Global
	GlobalSection(SolutionConfigurationPlatforms) = preSolution
		Debug|Any CPU = Debug|Any CPU
		Release|Any CPU = Release|Any CPU
	EndGlobalSection
	GlobalSection(ProjectConfigurationPlatforms) = postSolution
		{DDA0A6CD-F4B2-468E-8D52-E7D1D444BBC5}.Debug|Any CPU.ActiveCfg = Debug|Any CPU
		{DDA0A6CD-F4B2-468E-8D52-E7D1D444BBC5}.Debug|Any CPU.Build.0 = Debug|Any CPU
		{DDA0A6CD-F4B2-468E-8D52-E7D1D444BBC5}.Release|Any CPU.ActiveCfg = Release|Any CPU
		{DDA0A6CD-F4B2-468E-8D52-E7D1D444BBC5}.Release|Any CPU.Build.0 = Release|Any CPU
	EndGlobalSection
	GlobalSection(SolutionProperties) = preSolution
		HideSolutionNode = FALSE
	EndGlobalSection
	GlobalSection(ExtensibilityGlobals) = postSolution
		SolutionGuid = {E4096862-793C-451B-A175-D903C1B8AA45}
	EndGlobalSection
EndGlobal
